
Microsoft Visual Studio Solution File, Format Version 12.00
# Visual Studio 14
VisualStudioVersion = 14.0.24720.0
MinimumVisualStudioVersion = 10.0.40219.1
Project("{FAE04EC0-301F-11D3-BF4B-00C04F79EFBC}") = "Dal", "Dal\Dal.csproj", "{D0627775-23FB-414A-93A6-B5684768ACDE}"
EndProject
Project("{FAE04EC0-301F-11D3-BF4B-00C04F79EFBC}") = "Tests", "Tests\Tests.csproj", "{21CD29AC-4821-492E-BE88-1106CEF5C3D0}"
EndProject
Global
	GlobalSection(SolutionConfigurationPlatforms) = preSolution
		Debug|Any CPU = Debug|Any CPU
		Release|Any CPU = Release|Any CPU
	EndGlobalSection
	GlobalSection(ProjectConfigurationPlatforms) = postSolution
		{D0627775-23FB-414A-93A6-B5684768ACDE}.Debug|Any CPU.ActiveCfg = Debug|Any CPU
		{D0627775-23FB-414A-93A6-B5684768ACDE}.Debug|Any CPU.Build.0 = Debug|Any CPU
		{D0627775-23FB-414A-93A6-B5684768ACDE}.Release|Any CPU.ActiveCfg = Release|Any CPU
		{D0627775-23FB-414A-93A6-B5684768ACDE}.Release|Any CPU.Build.0 = Release|Any CPU
		{21CD29AC-4821-492E-BE88-1106CEF5C3D0}.Debug|Any CPU.ActiveCfg = Debug|Any CPU
		{21CD29AC-4821-492E-BE88-1106CEF5C3D0}.Debug|Any CPU.Build.0 = Debug|Any CPU
		{21CD29AC-4821-492E-BE88-1106CEF5C3D0}.Release|Any CPU.ActiveCfg = Release|Any CPU
		{21CD29AC-4821-492E-BE88-1106CEF5C3D0}.Release|Any CPU.Build.0 = Release|Any CPU
	EndGlobalSection
	GlobalSection(SolutionProperties) = preSolution
		HideSolutionNode = FALSE
	EndGlobalSection
EndGlobal
