
Microsoft Visual Studio Solution File, Format Version 12.00
# Visual Studio 14
VisualStudioVersion = 14.0.24720.0
MinimumVisualStudioVersion = 10.0.40219.1
Project("{FAE04EC0-301F-11D3-BF4B-00C04F79EFBC}") = "Task2", "Task2\Task2.csproj", "{847E7DCE-0E1D-4AA5-A279-BFCCDEB66D1B}"
EndProject
Project("{FAE04EC0-301F-11D3-BF4B-00C04F79EFBC}") = "Task1", "Task1\Task1.csproj", "{1631370E-CA4E-42F9-BCB9-29C778FE446E}"
EndProject
Global
	GlobalSection(SolutionConfigurationPlatforms) = preSolution
		Debug|Any CPU = Debug|Any CPU
		Release|Any CPU = Release|Any CPU
	EndGlobalSection
	GlobalSection(ProjectConfigurationPlatforms) = postSolution
		{847E7DCE-0E1D-4AA5-A279-BFCCDEB66D1B}.Debug|Any CPU.ActiveCfg = Debug|Any CPU
		{847E7DCE-0E1D-4AA5-A279-BFCCDEB66D1B}.Debug|Any CPU.Build.0 = Debug|Any CPU
		{847E7DCE-0E1D-4AA5-A279-BFCCDEB66D1B}.Release|Any CPU.ActiveCfg = Release|Any CPU
		{847E7DCE-0E1D-4AA5-A279-BFCCDEB66D1B}.Release|Any CPU.Build.0 = Release|Any CPU
		{1631370E-CA4E-42F9-BCB9-29C778FE446E}.Debug|Any CPU.ActiveCfg = Debug|Any CPU
		{1631370E-CA4E-42F9-BCB9-29C778FE446E}.Debug|Any CPU.Build.0 = Debug|Any CPU
		{1631370E-CA4E-42F9-BCB9-29C778FE446E}.Release|Any CPU.ActiveCfg = Release|Any CPU
		{1631370E-CA4E-42F9-BCB9-29C778FE446E}.Release|Any CPU.Build.0 = Release|Any CPU
	EndGlobalSection
	GlobalSection(SolutionProperties) = preSolution
		HideSolutionNode = FALSE
	EndGlobalSection
EndGlobal
