
Microsoft Visual Studio Solution File, Format Version 12.00
# Visual Studio 14
VisualStudioVersion = 14.0.24720.0
MinimumVisualStudioVersion = 10.0.40219.1
Project("{00D1A9C2-B5F0-4AF3-8072-F6C62B433612}") = "BlogDB", "BlogDB\BlogDB.sqlproj", "{1F40F0D6-481E-4062-977B-3E2422847AAA}"
EndProject
Project("{FAE04EC0-301F-11D3-BF4B-00C04F79EFBC}") = "BlogMVC", "BlogMVC\BlogMVC.csproj", "{A1703C0F-1417-40EA-BE95-C7F1B84738E8}"
EndProject
Global
	GlobalSection(SolutionConfigurationPlatforms) = preSolution
		Debug|Any CPU = Debug|Any CPU
		Release|Any CPU = Release|Any CPU
	EndGlobalSection
	GlobalSection(ProjectConfigurationPlatforms) = postSolution
		{1F40F0D6-481E-4062-977B-3E2422847AAA}.Debug|Any CPU.ActiveCfg = Debug|Any CPU
		{1F40F0D6-481E-4062-977B-3E2422847AAA}.Debug|Any CPU.Build.0 = Debug|Any CPU
		{1F40F0D6-481E-4062-977B-3E2422847AAA}.Debug|Any CPU.Deploy.0 = Debug|Any CPU
		{1F40F0D6-481E-4062-977B-3E2422847AAA}.Release|Any CPU.ActiveCfg = Release|Any CPU
		{1F40F0D6-481E-4062-977B-3E2422847AAA}.Release|Any CPU.Build.0 = Release|Any CPU
		{1F40F0D6-481E-4062-977B-3E2422847AAA}.Release|Any CPU.Deploy.0 = Release|Any CPU
		{A1703C0F-1417-40EA-BE95-C7F1B84738E8}.Debug|Any CPU.ActiveCfg = Debug|Any CPU
		{A1703C0F-1417-40EA-BE95-C7F1B84738E8}.Debug|Any CPU.Build.0 = Debug|Any CPU
		{A1703C0F-1417-40EA-BE95-C7F1B84738E8}.Release|Any CPU.ActiveCfg = Release|Any CPU
		{A1703C0F-1417-40EA-BE95-C7F1B84738E8}.Release|Any CPU.Build.0 = Release|Any CPU
	EndGlobalSection
	GlobalSection(SolutionProperties) = preSolution
		HideSolutionNode = FALSE
	EndGlobalSection
EndGlobal
